// !$*UTF8*$!
{
	archiveVersion = 1;
	classes = {
	};
	objectVersion = 50;
	objects = {

/* Begin PBXBuildFile section */
		40CC7FDF2530D44B00358D96 /* AppDelegate.swift in Sources */ = {isa = PBXBuildFile; fileRef = 40CC7FDE2530D44B00358D96 /* AppDelegate.swift */; };
		40CC7FE12530D44B00358D96 /* SceneDelegate.swift in Sources */ = {isa = PBXBuildFile; fileRef = 40CC7FE02530D44B00358D96 /* SceneDelegate.swift */; };
		40CC7FE32530D44B00358D96 /* ViewController.swift in Sources */ = {isa = PBXBuildFile; fileRef = 40CC7FE22530D44B00358D96 /* ViewController.swift */; };
		40CC7FE62530D44C00358D96 /* Main.storyboard in Resources */ = {isa = PBXBuildFile; fileRef = 40CC7FE42530D44C00358D96 /* Main.storyboard */; };
		40CC7FE82530D45200358D96 /* Assets.xcassets in Resources */ = {isa = PBXBuildFile; fileRef = 40CC7FE72530D45200358D96 /* Assets.xcassets */; };
		40CC7FEB2530D45200358D96 /* LaunchScreen.storyboard in Resources */ = {isa = PBXBuildFile; fileRef = 40CC7FE92530D45200358D96 /* LaunchScreen.storyboard */; };
		40CC7FF42530D46300358D96 /* Constants.swift in Sources */ = {isa = PBXBuildFile; fileRef = 40CC7FF32530D46300358D96 /* Constants.swift */; };
		40CC7FF72530D61A00358D96 /* Video.swift in Sources */ = {isa = PBXBuildFile; fileRef = 40CC7FF62530D61A00358D96 /* Video.swift */; };
		40CC7FFA2530D65700358D96 /* Model.swift in Sources */ = {isa = PBXBuildFile; fileRef = 40CC7FF92530D65700358D96 /* Model.swift */; };
		40CC7FFD2534313A00358D96 /* Response.swift in Sources */ = {isa = PBXBuildFile; fileRef = 40CC7FFC2534313A00358D96 /* Response.swift */; };
		40CC80002534627800358D96 /* VideosTableViewCell.swift in Sources */ = {isa = PBXBuildFile; fileRef = 40CC7FFF2534627800358D96 /* VideosTableViewCell.swift */; };
		40CC8009253469CB00358D96 /* CacheManager.swift in Sources */ = {isa = PBXBuildFile; fileRef = 40CC8008253469CB00358D96 /* CacheManager.swift */; };
		40CC800C2537111000358D96 /* DetailViewController.swift in Sources */ = {isa = PBXBuildFile; fileRef = 40CC800B2537111000358D96 /* DetailViewController.swift */; };
/* End PBXBuildFile section */

/* Begin PBXFileReference section */
		40CC7FDB2530D44B00358D96 /* YouTube.app */ = {isa = PBXFileReference; explicitFileType = wrapper.application; includeInIndex = 0; path = YouTube.app; sourceTree = BUILT_PRODUCTS_DIR; };
		40CC7FDE2530D44B00358D96 /* AppDelegate.swift */ = {isa = PBXFileReference; lastKnownFileType = sourcecode.swift; path = AppDelegate.swift; sourceTree = "<group>"; };
		40CC7FE02530D44B00358D96 /* SceneDelegate.swift */ = {isa = PBXFileReference; lastKnownFileType = sourcecode.swift; path = SceneDelegate.swift; sourceTree = "<group>"; };
		40CC7FE22530D44B00358D96 /* ViewController.swift */ = {isa = PBXFileReference; lastKnownFileType = sourcecode.swift; path = ViewController.swift; sourceTree = "<group>"; };
		40CC7FE52530D44C00358D96 /* Base */ = {isa = PBXFileReference; lastKnownFileType = file.storyboard; name = Base; path = Base.lproj/Main.storyboard; sourceTree = "<group>"; };
		40CC7FE72530D45200358D96 /* Assets.xcassets */ = {isa = PBXFileReference; lastKnownFileType = folder.assetcatalog; path = Assets.xcassets; sourceTree = "<group>"; };
		40CC7FEA2530D45200358D96 /* Base */ = {isa = PBXFileReference; lastKnownFileType = file.storyboard; name = Base; path = Base.lproj/LaunchScreen.storyboard; sourceTree = "<group>"; };
		40CC7FEC2530D45200358D96 /* Info.plist */ = {isa = PBXFileReference; lastKnownFileType = text.plist.xml; path = Info.plist; sourceTree = "<group>"; };
		40CC7FF32530D46300358D96 /* Constants.swift */ = {isa = PBXFileReference; lastKnownFileType = sourcecode.swift; path = Constants.swift; sourceTree = "<group>"; };
		40CC7FF62530D61A00358D96 /* Video.swift */ = {isa = PBXFileReference; lastKnownFileType = sourcecode.swift; path = Video.swift; sourceTree = "<group>"; };
		40CC7FF92530D65700358D96 /* Model.swift */ = {isa = PBXFileReference; lastKnownFileType = sourcecode.swift; path = Model.swift; sourceTree = "<group>"; };
		40CC7FFC2534313A00358D96 /* Response.swift */ = {isa = PBXFileReference; lastKnownFileType = sourcecode.swift; path = Response.swift; sourceTree = "<group>"; };
		40CC7FFF2534627800358D96 /* VideosTableViewCell.swift */ = {isa = PBXFileReference; lastKnownFileType = sourcecode.swift; path = VideosTableViewCell.swift; sourceTree = "<group>"; };
		40CC8008253469CB00358D96 /* CacheManager.swift */ = {isa = PBXFileReference; lastKnownFileType = sourcecode.swift; path = CacheManager.swift; sourceTree = "<group>"; };
		40CC800B2537111000358D96 /* DetailViewController.swift */ = {isa = PBXFileReference; lastKnownFileType = sourcecode.swift; path = DetailViewController.swift; sourceTree = "<group>"; };
/* End PBXFileReference section */

/* Begin PBXFrameworksBuildPhase section */
		40CC7FD82530D44B00358D96 /* Frameworks */ = {
			isa = PBXFrameworksBuildPhase;
			buildActionMask = 2147483647;
			files = (
			);
			runOnlyForDeploymentPostprocessing = 0;
		};
/* End PBXFrameworksBuildPhase section */

/* Begin PBXGroup section */
		40CC7FD22530D44B00358D96 = {
			isa = PBXGroup;
			children = (
				40CC7FDD2530D44B00358D96 /* YouTube */,
				40CC7FDC2530D44B00358D96 /* Products */,
			);
			sourceTree = "<group>";
		};
		40CC7FDC2530D44B00358D96 /* Products */ = {
			isa = PBXGroup;
			children = (
				40CC7FDB2530D44B00358D96 /* YouTube.app */,
			);
			name = Products;
			sourceTree = "<group>";
		};
		40CC7FDD2530D44B00358D96 /* YouTube */ = {
			isa = PBXGroup;
			children = (
				40CC8006253462FB00358D96 /* Helpers */,
				40CC80052534629800358D96 /* Controller */,
				40CC80032534628900358D96 /* View */,
				40CC80022534628500358D96 /* Model */,
				40CC7FDE2530D44B00358D96 /* AppDelegate.swift */,
				40CC7FE02530D44B00358D96 /* SceneDelegate.swift */,
				40CC7FE72530D45200358D96 /* Assets.xcassets */,
				40CC7FEC2530D45200358D96 /* Info.plist */,
			);
			path = YouTube;
			sourceTree = "<group>";
		};
		40CC80022534628500358D96 /* Model */ = {
			isa = PBXGroup;
			children = (
				40CC7FF92530D65700358D96 /* Model.swift */,
				40CC7FF62530D61A00358D96 /* Video.swift */,
				40CC7FFC2534313A00358D96 /* Response.swift */,
			);
			path = Model;
			sourceTree = "<group>";
		};
		40CC80032534628900358D96 /* View */ = {
			isa = PBXGroup;
			children = (
				40CC7FFF2534627800358D96 /* VideosTableViewCell.swift */,
			);
			path = View;
			sourceTree = "<group>";
		};
		40CC80052534629800358D96 /* Controller */ = {
			isa = PBXGroup;
			children = (
				40CC7FE92530D45200358D96 /* LaunchScreen.storyboard */,
				40CC7FE42530D44C00358D96 /* Main.storyboard */,
				40CC7FE22530D44B00358D96 /* ViewController.swift */,
				40CC800B2537111000358D96 /* DetailViewController.swift */,
			);
			path = Controller;
			sourceTree = "<group>";
		};
		40CC8006253462FB00358D96 /* Helpers */ = {
			isa = PBXGroup;
			children = (
				40CC7FF32530D46300358D96 /* Constants.swift */,
				40CC8008253469CB00358D96 /* CacheManager.swift */,
			);
			path = Helpers;
			sourceTree = "<group>";
		};
/* End PBXGroup section */

/* Begin PBXNativeTarget section */
		40CC7FDA2530D44B00358D96 /* YouTube */ = {
			isa = PBXNativeTarget;
			buildConfigurationList = 40CC7FEF2530D45200358D96 /* Build configuration list for PBXNativeTarget "YouTube" */;
			buildPhases = (
				40CC7FD72530D44B00358D96 /* Sources */,
				40CC7FD82530D44B00358D96 /* Frameworks */,
				40CC7FD92530D44B00358D96 /* Resources */,
			);
			buildRules = (
			);
			dependencies = (
			);
			name = YouTube;
			productName = YouTube;
			productReference = 40CC7FDB2530D44B00358D96 /* YouTube.app */;
			productType = "com.apple.product-type.application";
		};
/* End PBXNativeTarget section */

/* Begin PBXProject section */
		40CC7FD32530D44B00358D96 /* Project object */ = {
			isa = PBXProject;
			attributes = {
				LastSwiftUpdateCheck = 1200;
				LastUpgradeCheck = 1200;
				TargetAttributes = {
					40CC7FDA2530D44B00358D96 = {
						CreatedOnToolsVersion = 12.0;
					};
				};
			};
			buildConfigurationList = 40CC7FD62530D44B00358D96 /* Build configuration list for PBXProject "YouTube" */;
			compatibilityVersion = "Xcode 9.3";
			developmentRegion = en;
			hasScannedForEncodings = 0;
			knownRegions = (
				en,
				Base,
			);
			mainGroup = 40CC7FD22530D44B00358D96;
			productRefGroup = 40CC7FDC2530D44B00358D96 /* Products */;
			projectDirPath = "";
			projectRoot = "";
			targets = (
				40CC7FDA2530D44B00358D96 /* YouTube */,
			);
		};
/* End PBXProject section */

/* Begin PBXResourcesBuildPhase section */
		40CC7FD92530D44B00358D96 /* Resources */ = {
			isa = PBXResourcesBuildPhase;
			buildActionMask = 2147483647;
			files = (
				40CC7FEB2530D45200358D96 /* LaunchScreen.storyboard in Resources */,
				40CC7FE82530D45200358D96 /* Assets.xcassets in Resources */,
				40CC7FE62530D44C00358D96 /* Main.storyboard in Resources */,
			);
			runOnlyForDeploymentPostprocessing = 0;
		};
/* End PBXResourcesBuildPhase section */

/* Begin PBXSourcesBuildPhase section */
		40CC7FD72530D44B00358D96 /* Sources */ = {
			isa = PBXSourcesBuildPhase;
			buildActionMask = 2147483647;
			files = (
				40CC7FE32530D44B00358D96 /* ViewController.swift in Sources */,
				40CC8009253469CB00358D96 /* CacheManager.swift in Sources */,
				40CC80002534627800358D96 /* VideosTableViewCell.swift in Sources */,
				40CC7FDF2530D44B00358D96 /* AppDelegate.swift in Sources */,
				40CC7FE12530D44B00358D96 /* SceneDelegate.swift in Sources */,
				40CC7FFA2530D65700358D96 /* Model.swift in Sources */,
				40CC7FF42530D46300358D96 /* Constants.swift in Sources */,
				40CC800C2537111000358D96 /* DetailViewController.swift in Sources */,
				40CC7FF72530D61A00358D96 /* Video.swift in Sources */,
				40CC7FFD2534313A00358D96 /* Response.swift in Sources */,
			);
			runOnlyForDeploymentPostprocessing = 0;
		};
/* End PBXSourcesBuildPhase section */

/* Begin PBXVariantGroup section */
		40CC7FE42530D44C00358D96 /* Main.storyboard */ = {
			isa = PBXVariantGroup;
			children = (
				40CC7FE52530D44C00358D96 /* Base */,
			);
			name = Main.storyboard;
			sourceTree = "<group>";
		};
		40CC7FE92530D45200358D96 /* LaunchScreen.storyboard */ = {
			isa = PBXVariantGroup;
			children = (
				40CC7FEA2530D45200358D96 /* Base */,
			);
			name = LaunchScreen.storyboard;
			sourceTree = "<group>";
		};
/* End PBXVariantGroup section */

/* Begin XCBuildConfiguration section */
		40CC7FED2530D45200358D96 /* Debug */ = {
			isa = XCBuildConfiguration;
			buildSettings = {
				ALWAYS_SEARCH_USER_PATHS = NO;
				CLANG_ANALYZER_NONNULL = YES;
				CLANG_ANALYZER_NUMBER_OBJECT_CONVERSION = YES_AGGRESSIVE;
				CLANG_CXX_LANGUAGE_STANDARD = "gnu++14";
				CLANG_CXX_LIBRARY = "libc++";
				CLANG_ENABLE_MODULES = YES;
				CLANG_ENABLE_OBJC_ARC = YES;
				CLANG_ENABLE_OBJC_WEAK = YES;
				CLANG_WARN_BLOCK_CAPTURE_AUTORELEASING = YES;
				CLANG_WARN_BOOL_CONVERSION = YES;
				CLANG_WARN_COMMA = YES;
				CLANG_WARN_CONSTANT_CONVERSION = YES;
				CLANG_WARN_DEPRECATED_OBJC_IMPLEMENTATIONS = YES;
				CLANG_WARN_DIRECT_OBJC_ISA_USAGE = YES_ERROR;
				CLANG_WARN_DOCUMENTATION_COMMENTS = YES;
				CLANG_WARN_EMPTY_BODY = YES;
				CLANG_WARN_ENUM_CONVERSION = YES;
				CLANG_WARN_INFINITE_RECURSION = YES;
				CLANG_WARN_INT_CONVERSION = YES;
				CLANG_WARN_NON_LITERAL_NULL_CONVERSION = YES;
				CLANG_WARN_OBJC_IMPLICIT_RETAIN_SELF = YES;
				CLANG_WARN_OBJC_LITERAL_CONVERSION = YES;
				CLANG_WARN_OBJC_ROOT_CLASS = YES_ERROR;
				CLANG_WARN_QUOTED_INCLUDE_IN_FRAMEWORK_HEADER = YES;
				CLANG_WARN_RANGE_LOOP_ANALYSIS = YES;
				CLANG_WARN_STRICT_PROTOTYPES = YES;
				CLANG_WARN_SUSPICIOUS_MOVE = YES;
				CLANG_WARN_UNGUARDED_AVAILABILITY = YES_AGGRESSIVE;
				CLANG_WARN_UNREACHABLE_CODE = YES;
				CLANG_WARN__DUPLICATE_METHOD_MATCH = YES;
				COPY_PHASE_STRIP = NO;
				DEBUG_INFORMATION_FORMAT = dwarf;
				ENABLE_STRICT_OBJC_MSGSEND = YES;
				ENABLE_TESTABILITY = YES;
				GCC_C_LANGUAGE_STANDARD = gnu11;
				GCC_DYNAMIC_NO_PIC = NO;
				GCC_NO_COMMON_BLOCKS = YES;
				GCC_OPTIMIZATION_LEVEL = 0;
				GCC_PREPROCESSOR_DEFINITIONS = (
					"DEBUG=1",
					"$(inherited)",
				);
				GCC_WARN_64_TO_32_BIT_CONVERSION = YES;
				GCC_WARN_ABOUT_RETURN_TYPE = YES_ERROR;
				GCC_WARN_UNDECLARED_SELECTOR = YES;
				GCC_WARN_UNINITIALIZED_AUTOS = YES_AGGRESSIVE;
				GCC_WARN_UNUSED_FUNCTION = YES;
				GCC_WARN_UNUSED_VARIABLE = YES;
				IPHONEOS_DEPLOYMENT_TARGET = 14.0;
				MTL_ENABLE_DEBUG_INFO = INCLUDE_SOURCE;
				MTL_FAST_MATH = YES;
				ONLY_ACTIVE_ARCH = YES;
				SDKROOT = iphoneos;
				SWIFT_ACTIVE_COMPILATION_CONDITIONS = DEBUG;
				SWIFT_OPTIMIZATION_LEVEL = "-Onone";
			};
			name = Debug;
		};
		40CC7FEE2530D45200358D96 /* Release */ = {
			isa = XCBuildConfiguration;
			buildSettings = {
				ALWAYS_SEARCH_USER_PATHS = NO;
				CLANG_ANALYZER_NONNULL = YES;
				CLANG_ANALYZER_NUMBER_OBJECT_CONVERSION = YES_AGGRESSIVE;
				CLANG_CXX_LANGUAGE_STANDARD = "gnu++14";
				CLANG_CXX_LIBRARY = "libc++";
				CLANG_ENABLE_MODULES = YES;
				CLANG_ENABLE_OBJC_ARC = YES;
				CLANG_ENABLE_OBJC_WEAK = YES;
				CLANG_WARN_BLOCK_CAPTURE_AUTORELEASING = YES;
				CLANG_WARN_BOOL_CONVERSION = YES;
				CLANG_WARN_COMMA = YES;
				CLANG_WARN_CONSTANT_CONVERSION = YES;
				CLANG_WARN_DEPRECATED_OBJC_IMPLEMENTATIONS = YES;
				CLANG_WARN_DIRECT_OBJC_ISA_USAGE = YES_ERROR;
				CLANG_WARN_DOCUMENTATION_COMMENTS = YES;
				CLANG_WARN_EMPTY_BODY = YES;
				CLANG_WARN_ENUM_CONVERSION = YES;
				CLANG_WARN_INFINITE_RECURSION = YES;
				CLANG_WARN_INT_CONVERSION = YES;
				CLANG_WARN_NON_LITERAL_NULL_CONVERSION = YES;
				CLANG_WARN_OBJC_IMPLICIT_RETAIN_SELF = YES;
				CLANG_WARN_OBJC_LITERAL_CONVERSION = YES;
				CLANG_WARN_OBJC_ROOT_CLASS = YES_ERROR;
				CLANG_WARN_QUOTED_INCLUDE_IN_FRAMEWORK_HEADER = YES;
				CLANG_WARN_RANGE_LOOP_ANALYSIS = YES;
				CLANG_WARN_STRICT_PROTOTYPES = YES;
				CLANG_WARN_SUSPICIOUS_MOVE = YES;
				CLANG_WARN_UNGUARDED_AVAILABILITY = YES_AGGRESSIVE;
				CLANG_WARN_UNREACHABLE_CODE = YES;
				CLANG_WARN__DUPLICATE_METHOD_MATCH = YES;
				COPY_PHASE_STRIP = NO;
				DEBUG_INFORMATION_FORMAT = "dwarf-with-dsym";
				ENABLE_NS_ASSERTIONS = NO;
				ENABLE_STRICT_OBJC_MSGSEND = YES;
				GCC_C_LANGUAGE_STANDARD = gnu11;
				GCC_NO_COMMON_BLOCKS = YES;
				GCC_WARN_64_TO_32_BIT_CONVERSION = YES;
				GCC_WARN_ABOUT_RETURN_TYPE = YES_ERROR;
				GCC_WARN_UNDECLARED_SELECTOR = YES;
				GCC_WARN_UNINITIALIZED_AUTOS = YES_AGGRESSIVE;
				GCC_WARN_UNUSED_FUNCTION = YES;
				GCC_WARN_UNUSED_VARIABLE = YES;
				IPHONEOS_DEPLOYMENT_TARGET = 14.0;
				MTL_ENABLE_DEBUG_INFO = NO;
				MTL_FAST_MATH = YES;
				SDKROOT = iphoneos;
				SWIFT_COMPILATION_MODE = wholemodule;
				SWIFT_OPTIMIZATION_LEVEL = "-O";
				VALIDATE_PRODUCT = YES;
			};
			name = Release;
		};
		40CC7FF02530D45200358D96 /* Debug */ = {
			isa = XCBuildConfiguration;
			buildSettings = {
				ASSETCATALOG_COMPILER_APPICON_NAME = AppIcon;
				ASSETCATALOG_COMPILER_GLOBAL_ACCENT_COLOR_NAME = AccentColor;
				CODE_SIGN_STYLE = Automatic;
				DEVELOPMENT_TEAM = XB6455A525;
				INFOPLIST_FILE = YouTube/Info.plist;
				LD_RUNPATH_SEARCH_PATHS = (
					"$(inherited)",
					"@executable_path/Frameworks",
				);
				PRODUCT_BUNDLE_IDENTIFIER = com.Saksham.YouTube;
				PRODUCT_NAME = "$(TARGET_NAME)";
				SWIFT_VERSION = 5.0;
				TARGETED_DEVICE_FAMILY = "1,2";
			};
			name = Debug;
		};
		40CC7FF12530D45200358D96 /* Release */ = {
			isa = XCBuildConfiguration;
			buildSettings = {
				ASSETCATALOG_COMPILER_APPICON_NAME = AppIcon;
				ASSETCATALOG_COMPILER_GLOBAL_ACCENT_COLOR_NAME = AccentColor;
				CODE_SIGN_STYLE = Automatic;
				DEVELOPMENT_TEAM = XB6455A525;
				INFOPLIST_FILE = YouTube/Info.plist;
				LD_RUNPATH_SEARCH_PATHS = (
					"$(inherited)",
					"@executable_path/Frameworks",
				);
				PRODUCT_BUNDLE_IDENTIFIER = com.Saksham.YouTube;
				PRODUCT_NAME = "$(TARGET_NAME)";
				SWIFT_VERSION = 5.0;
				TARGETED_DEVICE_FAMILY = "1,2";
			};
			name = Release;
		};
/* End XCBuildConfiguration section */

/* Begin XCConfigurationList section */
		40CC7FD62530D44B00358D96 /* Build configuration list for PBXProject "YouTube" */ = {
			isa = XCConfigurationList;
			buildConfigurations = (
				40CC7FED2530D45200358D96 /* Debug */,
				40CC7FEE2530D45200358D96 /* Release */,
			);
			defaultConfigurationIsVisible = 0;
			defaultConfigurationName = Release;
		};
		40CC7FEF2530D45200358D96 /* Build configuration list for PBXNativeTarget "YouTube" */ = {
			isa = XCConfigurationList;
			buildConfigurations = (
				40CC7FF02530D45200358D96 /* Debug */,
				40CC7FF12530D45200358D96 /* Release */,
			);
			defaultConfigurationIsVisible = 0;
			defaultConfigurationName = Release;
		};
/* End XCConfigurationList section */
	};
	rootObject = 40CC7FD32530D44B00358D96 /* Project object */;
}
